
Microsoft Visual Studio Solution File, Format Version 12.00
# Visual Studio 2017
Project("{FAE04EC0-301F-11D3-BF4B-00C04F79EFBC}") = "InfiniteAisle", "InfiniteAisle.csproj", "{19B6755E-5043-5698-F9B9-58B78A631A49}"
EndProject
Project("{FAE04EC0-301F-11D3-BF4B-00C04F79EFBC}") = "InfiniteAisle.Editor", "InfiniteAisle.Editor.csproj", "{44403808-6C1B-BB3E-EED1-A7F588FF6A79}"
EndProject
Global
	GlobalSection(SolutionConfigurationPlatforms) = preSolution
		Debug|Any CPU = Debug|Any CPU
		Release|Any CPU = Release|Any CPU
	EndGlobalSection
	GlobalSection(ProjectConfigurationPlatforms) = postSolution
		{19B6755E-5043-5698-F9B9-58B78A631A49}.Debug|Any CPU.ActiveCfg = Debug|Any CPU
		{19B6755E-5043-5698-F9B9-58B78A631A49}.Debug|Any CPU.Build.0 = Debug|Any CPU
		{19B6755E-5043-5698-F9B9-58B78A631A49}.Release|Any CPU.ActiveCfg = Release|Any CPU
		{19B6755E-5043-5698-F9B9-58B78A631A49}.Release|Any CPU.Build.0 = Release|Any CPU
		{44403808-6C1B-BB3E-EED1-A7F588FF6A79}.Debug|Any CPU.ActiveCfg = Debug|Any CPU
		{44403808-6C1B-BB3E-EED1-A7F588FF6A79}.Debug|Any CPU.Build.0 = Debug|Any CPU
		{44403808-6C1B-BB3E-EED1-A7F588FF6A79}.Release|Any CPU.ActiveCfg = Release|Any CPU
		{44403808-6C1B-BB3E-EED1-A7F588FF6A79}.Release|Any CPU.Build.0 = Release|Any CPU
	EndGlobalSection
	GlobalSection(SolutionProperties) = preSolution
		HideSolutionNode = FALSE
	EndGlobalSection
EndGlobal
